
Microsoft Visual Studio Solution File, Format Version 12.00
Project("{FAE04EC0-301F-11D3-BF4B-00C04F79EFBC}") = "GetAcademyEmne3", "GetAcademyEmne3\GetAcademyEmne3.csproj", "{DAF3BADE-068A-4323-872E-81D2C399AE81}"
EndProject
Project("{FAE04EC0-301F-11D3-BF4B-00C04F79EFBC}") = "Water.Console", "Water.Console\Water.Console.csproj", "{DB74BEEE-2A51-4A47-BCD1-2BB151DF9104}"
EndProject
Project("{FAE04EC0-301F-11D3-BF4B-00C04F79EFBC}") = "Water.Test", "Water.Test\Water.Test.csproj", "{C0FF52D1-F888-4A82-9C2F-E367EF10D452}"
EndProject
Project("{FAE04EC0-301F-11D3-BF4B-00C04F79EFBC}") = "Slektstre.Console", "Slektstre.Console\Slektstre.Console.csproj", "{AFC11215-B228-4DD8-8AEC-B6B71589780F}"
EndProject
Project("{FAE04EC0-301F-11D3-BF4B-00C04F79EFBC}") = "Slektstre.Tests", "Slektstre.Tests\Slektstre.Tests.csproj", "{B9316FDC-9E2B-4C9F-8BE5-CE1F33F7C5C2}"
EndProject
Project("{FAE04EC0-301F-11D3-BF4B-00C04F79EFBC}") = "RandomSquares.Console", "RandomSquares.Console\RandomSquares.Console.csproj", "{B6E9E3F5-E88A-4091-8886-F65D9B7EE652}"
EndProject
Project("{FAE04EC0-301F-11D3-BF4B-00C04F79EFBC}") = "RandomSquares.Tests", "RandomSquares.Tests\RandomSquares.Tests.csproj", "{1619219C-1D11-4852-81FD-5368D9BCA823}"
EndProject
Project("{FAE04EC0-301F-11D3-BF4B-00C04F79EFBC}") = "FlaskeOppgave.Tests", "FlaskeOppgave.Tests\FlaskeOppgave.Tests.csproj", "{B653180E-1917-49CE-AFE5-9DDA73BAFAB2}"
EndProject
Project("{FAE04EC0-301F-11D3-BF4B-00C04F79EFBC}") = "FlaskeOppgave.Console", "FlaskeOppgave.Console\FlaskeOppgave.Console.csproj", "{AB0AB2C5-8B82-436B-A3B0-9B5DEB4E1EED}"
EndProject
Project("{FAE04EC0-301F-11D3-BF4B-00C04F79EFBC}") = "BankApp.Console", "BankApp.Console\BankApp.Console.csproj", "{84BA4704-B911-4317-B718-56796C673F77}"
EndProject
Project("{FAE04EC0-301F-11D3-BF4B-00C04F79EFBC}") = "BankApp.Tests", "BankApp.Tests\BankApp.Tests.csproj", "{03B8A6E1-99AC-4D79-835A-0E9806E0D9E2}"
EndProject
Project("{FAE04EC0-301F-11D3-BF4B-00C04F79EFBC}") = "StarsInterface.Console", "StarsInterface.Console\StarsInterface.Console.csproj", "{ADAA7D7D-BAF8-4169-915F-D06508161035}"
EndProject
Project("{FAE04EC0-301F-11D3-BF4B-00C04F79EFBC}") = "ClickerWithInterface.Console", "ClickerWithInterface.Console\ClickerWithInterface.Console.csproj", "{A96F359E-D9D7-4F3F-B6B1-2BD6DCF3E584}"
EndProject
Global
	GlobalSection(SolutionConfigurationPlatforms) = preSolution
		Debug|Any CPU = Debug|Any CPU
		Release|Any CPU = Release|Any CPU
	EndGlobalSection
	GlobalSection(ProjectConfigurationPlatforms) = postSolution
		{DAF3BADE-068A-4323-872E-81D2C399AE81}.Debug|Any CPU.ActiveCfg = Debug|Any CPU
		{DAF3BADE-068A-4323-872E-81D2C399AE81}.Debug|Any CPU.Build.0 = Debug|Any CPU
		{DAF3BADE-068A-4323-872E-81D2C399AE81}.Release|Any CPU.ActiveCfg = Release|Any CPU
		{DAF3BADE-068A-4323-872E-81D2C399AE81}.Release|Any CPU.Build.0 = Release|Any CPU
		{DB74BEEE-2A51-4A47-BCD1-2BB151DF9104}.Debug|Any CPU.ActiveCfg = Debug|Any CPU
		{DB74BEEE-2A51-4A47-BCD1-2BB151DF9104}.Debug|Any CPU.Build.0 = Debug|Any CPU
		{DB74BEEE-2A51-4A47-BCD1-2BB151DF9104}.Release|Any CPU.ActiveCfg = Release|Any CPU
		{DB74BEEE-2A51-4A47-BCD1-2BB151DF9104}.Release|Any CPU.Build.0 = Release|Any CPU
		{C0FF52D1-F888-4A82-9C2F-E367EF10D452}.Debug|Any CPU.ActiveCfg = Debug|Any CPU
		{C0FF52D1-F888-4A82-9C2F-E367EF10D452}.Debug|Any CPU.Build.0 = Debug|Any CPU
		{C0FF52D1-F888-4A82-9C2F-E367EF10D452}.Release|Any CPU.ActiveCfg = Release|Any CPU
		{C0FF52D1-F888-4A82-9C2F-E367EF10D452}.Release|Any CPU.Build.0 = Release|Any CPU
		{AFC11215-B228-4DD8-8AEC-B6B71589780F}.Debug|Any CPU.ActiveCfg = Debug|Any CPU
		{AFC11215-B228-4DD8-8AEC-B6B71589780F}.Debug|Any CPU.Build.0 = Debug|Any CPU
		{AFC11215-B228-4DD8-8AEC-B6B71589780F}.Release|Any CPU.ActiveCfg = Release|Any CPU
		{AFC11215-B228-4DD8-8AEC-B6B71589780F}.Release|Any CPU.Build.0 = Release|Any CPU
		{B9316FDC-9E2B-4C9F-8BE5-CE1F33F7C5C2}.Debug|Any CPU.ActiveCfg = Debug|Any CPU
		{B9316FDC-9E2B-4C9F-8BE5-CE1F33F7C5C2}.Debug|Any CPU.Build.0 = Debug|Any CPU
		{B9316FDC-9E2B-4C9F-8BE5-CE1F33F7C5C2}.Release|Any CPU.ActiveCfg = Release|Any CPU
		{B9316FDC-9E2B-4C9F-8BE5-CE1F33F7C5C2}.Release|Any CPU.Build.0 = Release|Any CPU
		{B6E9E3F5-E88A-4091-8886-F65D9B7EE652}.Debug|Any CPU.ActiveCfg = Debug|Any CPU
		{B6E9E3F5-E88A-4091-8886-F65D9B7EE652}.Debug|Any CPU.Build.0 = Debug|Any CPU
		{B6E9E3F5-E88A-4091-8886-F65D9B7EE652}.Release|Any CPU.ActiveCfg = Release|Any CPU
		{B6E9E3F5-E88A-4091-8886-F65D9B7EE652}.Release|Any CPU.Build.0 = Release|Any CPU
		{1619219C-1D11-4852-81FD-5368D9BCA823}.Debug|Any CPU.ActiveCfg = Debug|Any CPU
		{1619219C-1D11-4852-81FD-5368D9BCA823}.Debug|Any CPU.Build.0 = Debug|Any CPU
		{1619219C-1D11-4852-81FD-5368D9BCA823}.Release|Any CPU.ActiveCfg = Release|Any CPU
		{1619219C-1D11-4852-81FD-5368D9BCA823}.Release|Any CPU.Build.0 = Release|Any CPU
		{B653180E-1917-49CE-AFE5-9DDA73BAFAB2}.Debug|Any CPU.ActiveCfg = Debug|Any CPU
		{B653180E-1917-49CE-AFE5-9DDA73BAFAB2}.Debug|Any CPU.Build.0 = Debug|Any CPU
		{B653180E-1917-49CE-AFE5-9DDA73BAFAB2}.Release|Any CPU.ActiveCfg = Release|Any CPU
		{B653180E-1917-49CE-AFE5-9DDA73BAFAB2}.Release|Any CPU.Build.0 = Release|Any CPU
		{AB0AB2C5-8B82-436B-A3B0-9B5DEB4E1EED}.Debug|Any CPU.ActiveCfg = Debug|Any CPU
		{AB0AB2C5-8B82-436B-A3B0-9B5DEB4E1EED}.Debug|Any CPU.Build.0 = Debug|Any CPU
		{AB0AB2C5-8B82-436B-A3B0-9B5DEB4E1EED}.Release|Any CPU.ActiveCfg = Release|Any CPU
		{AB0AB2C5-8B82-436B-A3B0-9B5DEB4E1EED}.Release|Any CPU.Build.0 = Release|Any CPU
		{84BA4704-B911-4317-B718-56796C673F77}.Debug|Any CPU.ActiveCfg = Debug|Any CPU
		{84BA4704-B911-4317-B718-56796C673F77}.Debug|Any CPU.Build.0 = Debug|Any CPU
		{84BA4704-B911-4317-B718-56796C673F77}.Release|Any CPU.ActiveCfg = Release|Any CPU
		{84BA4704-B911-4317-B718-56796C673F77}.Release|Any CPU.Build.0 = Release|Any CPU
		{03B8A6E1-99AC-4D79-835A-0E9806E0D9E2}.Debug|Any CPU.ActiveCfg = Debug|Any CPU
		{03B8A6E1-99AC-4D79-835A-0E9806E0D9E2}.Debug|Any CPU.Build.0 = Debug|Any CPU
		{03B8A6E1-99AC-4D79-835A-0E9806E0D9E2}.Release|Any CPU.ActiveCfg = Release|Any CPU
		{03B8A6E1-99AC-4D79-835A-0E9806E0D9E2}.Release|Any CPU.Build.0 = Release|Any CPU
		{ADAA7D7D-BAF8-4169-915F-D06508161035}.Debug|Any CPU.ActiveCfg = Debug|Any CPU
		{ADAA7D7D-BAF8-4169-915F-D06508161035}.Debug|Any CPU.Build.0 = Debug|Any CPU
		{ADAA7D7D-BAF8-4169-915F-D06508161035}.Release|Any CPU.ActiveCfg = Release|Any CPU
		{ADAA7D7D-BAF8-4169-915F-D06508161035}.Release|Any CPU.Build.0 = Release|Any CPU
		{A96F359E-D9D7-4F3F-B6B1-2BD6DCF3E584}.Debug|Any CPU.ActiveCfg = Debug|Any CPU
		{A96F359E-D9D7-4F3F-B6B1-2BD6DCF3E584}.Debug|Any CPU.Build.0 = Debug|Any CPU
		{A96F359E-D9D7-4F3F-B6B1-2BD6DCF3E584}.Release|Any CPU.ActiveCfg = Release|Any CPU
		{A96F359E-D9D7-4F3F-B6B1-2BD6DCF3E584}.Release|Any CPU.Build.0 = Release|Any CPU
	EndGlobalSection
EndGlobal
