
Microsoft Visual Studio Solution File, Format Version 12.00
Project("{FAE04EC0-301F-11D3-BF4B-00C04F79EFBC}") = "GetAcademyEmne3", "GetAcademyEmne3\GetAcademyEmne3.csproj", "{DAF3BADE-068A-4323-872E-81D2C399AE81}"
EndProject
Global
	GlobalSection(SolutionConfigurationPlatforms) = preSolution
		Debug|Any CPU = Debug|Any CPU
		Release|Any CPU = Release|Any CPU
	EndGlobalSection
	GlobalSection(ProjectConfigurationPlatforms) = postSolution
		{DAF3BADE-068A-4323-872E-81D2C399AE81}.Debug|Any CPU.ActiveCfg = Debug|Any CPU
		{DAF3BADE-068A-4323-872E-81D2C399AE81}.Debug|Any CPU.Build.0 = Debug|Any CPU
		{DAF3BADE-068A-4323-872E-81D2C399AE81}.Release|Any CPU.ActiveCfg = Release|Any CPU
		{DAF3BADE-068A-4323-872E-81D2C399AE81}.Release|Any CPU.Build.0 = Release|Any CPU
	EndGlobalSection
EndGlobal
